{
  "nodes": {
    "nixpkgs": {
      "locked": {
        "lastModified": 1661328374,
        "narHash": "sha256-GGMupfk/lGzPBQ/dRrcQEhiFZ0F5KPg0j5Q4Fb5coxc=",
        "owner": "nixos",
        "repo": "nixpkgs",
        "rev": "f034b5693a26625f56068af983ed7727a60b5f8b",
        "type": "github"
      },
      "original": {
        "owner": "nixos",
        "ref": "nixos-unstable",
        "repo": "nixpkgs",
        "type": "github"
      }
    },
    "root": {
      "inputs": {
        "nixpkgs": "nixpkgs"
      }
    }
  },
  "root": "root",
  "version": 7
}
